
Microsoft Visual Studio Solution File, Format Version 12.00
# Visual Studio Version 17
VisualStudioVersion = 17.7.34031.279
MinimumVisualStudioVersion = 10.0.40219.1
Project("{2150E333-8FDC-42A3-9474-1A3956D46DE8}") = "Library", "Library", "{FD239FF1-67CE-4C56-BF18-4EE096134082}"
EndProject
Project("{2150E333-8FDC-42A3-9474-1A3956D46DE8}") = "Services", "Services", "{32C70C4B-9BD6-4A4F-8BF7-FAABE06D56AA}"
EndProject
Project("{9A19103F-16F7-4668-BE54-9A1E7A4F7556}") = "RealEstate.Utils", "RealEstate.Library\RealEstate.Utils\RealEstate.Utils.csproj", "{CA45CB9C-4ED4-48CD-9C82-7DC06ED95FC8}"
EndProject
Project("{2150E333-8FDC-42A3-9474-1A3956D46DE8}") = "Application", "Application", "{7377704C-38AE-4958-AD1A-23FCD31F9050}"
EndProject
Project("{9A19103F-16F7-4668-BE54-9A1E7A4F7556}") = "RealEstate.ApplicationBase", "RealEstate.Library\RealEstate.ApplicationBase\RealEstate.ApplicationBase.csproj", "{963843AB-78D6-4F86-8A35-E45EA09746E7}"
EndProject
Project("{2150E333-8FDC-42A3-9474-1A3956D46DE8}") = "Infrastructure", "Infrastructure", "{650849A6-D813-470C-BBE7-CDE91DB49A37}"
EndProject
Project("{9A19103F-16F7-4668-BE54-9A1E7A4F7556}") = "EntitiesBase", "RealEstate.Library\EntitiesBase\EntitiesBase.csproj", "{5840B9B3-E86E-46DA-A57E-4AF4BAC0099F}"
EndProject
Project("{9A19103F-16F7-4668-BE54-9A1E7A4F7556}") = "InfrastructureBase", "RealEstate.Library\InfrastructureBase\InfrastructureBase.csproj", "{DD3C5FFB-00B3-4936-B9F8-EDF8A3668B4F}"
EndProject
Project("{2150E333-8FDC-42A3-9474-1A3956D46DE8}") = "Web", "Web", "{5736AFCE-D96F-4CDD-9AE5-51545B7E7417}"
EndProject
Project("{9A19103F-16F7-4668-BE54-9A1E7A4F7556}") = "RealEstate.IdentityServerBase", "RealEstate.Library\RealEstate.IdentityServerBase\RealEstate.IdentityServerBase.csproj", "{5EC38BC8-EBDE-48C4-AFB7-2CA52F5DF4D3}"
EndProject
Project("{9A19103F-16F7-4668-BE54-9A1E7A4F7556}") = "WebAPIBase", "RealEstate.Library\WebAPIBase\WebAPIBase.csproj", "{C79DDDAB-0BCB-4448-8C11-43121D0E80E1}"
EndProject
Project("{9A19103F-16F7-4668-BE54-9A1E7A4F7556}") = "RealEstate.ApplicationService", "Services\RealEstate.ApplicationService\RealEstate.ApplicationService.csproj", "{94B4A68D-17CF-4229-82B0-AE45595A8241}"
EndProject
Project("{9A19103F-16F7-4668-BE54-9A1E7A4F7556}") = "RealEstate.Domain", "Services\RealEstate.Domain\RealEstate.Domain.csproj", "{164D941D-FFD5-4E61-8F9D-5099D077875E}"
EndProject
Project("{9A19103F-16F7-4668-BE54-9A1E7A4F7556}") = "RealEstate.Infrastructure", "Services\RealEstate.Infrastructure\RealEstate.Infrastructure.csproj", "{7173C4EA-456C-402B-8808-B8AF7C236038}"
EndProject
Project("{9A19103F-16F7-4668-BE54-9A1E7A4F7556}") = "RealEstate.API", "Services\RealEstate.API\RealEstate.API.csproj", "{4A82B55E-F9E7-42BB-9D45-0FA1F2FA86AA}"
EndProject
Project("{2150E333-8FDC-42A3-9474-1A3956D46DE8}") = "Tools", "Tools", "{012164DE-0CA0-4829-B614-2FE8B1C44353}"
EndProject
Project("{FAE04EC0-301F-11D3-BF4B-00C04F79EFBC}") = "HostConsole", "Tool\HostConsole\HostConsole.csproj", "{E6802D22-3B62-42C2-A3F7-0D3DD34CE049}"
EndProject
Global
	GlobalSection(SolutionConfigurationPlatforms) = preSolution
		Debug|Any CPU = Debug|Any CPU
		Release|Any CPU = Release|Any CPU
	EndGlobalSection
	GlobalSection(ProjectConfigurationPlatforms) = postSolution
		{CA45CB9C-4ED4-48CD-9C82-7DC06ED95FC8}.Debug|Any CPU.ActiveCfg = Debug|Any CPU
		{CA45CB9C-4ED4-48CD-9C82-7DC06ED95FC8}.Debug|Any CPU.Build.0 = Debug|Any CPU
		{CA45CB9C-4ED4-48CD-9C82-7DC06ED95FC8}.Release|Any CPU.ActiveCfg = Release|Any CPU
		{CA45CB9C-4ED4-48CD-9C82-7DC06ED95FC8}.Release|Any CPU.Build.0 = Release|Any CPU
		{963843AB-78D6-4F86-8A35-E45EA09746E7}.Debug|Any CPU.ActiveCfg = Debug|Any CPU
		{963843AB-78D6-4F86-8A35-E45EA09746E7}.Debug|Any CPU.Build.0 = Debug|Any CPU
		{963843AB-78D6-4F86-8A35-E45EA09746E7}.Release|Any CPU.ActiveCfg = Release|Any CPU
		{963843AB-78D6-4F86-8A35-E45EA09746E7}.Release|Any CPU.Build.0 = Release|Any CPU
		{5840B9B3-E86E-46DA-A57E-4AF4BAC0099F}.Debug|Any CPU.ActiveCfg = Debug|Any CPU
		{5840B9B3-E86E-46DA-A57E-4AF4BAC0099F}.Debug|Any CPU.Build.0 = Debug|Any CPU
		{5840B9B3-E86E-46DA-A57E-4AF4BAC0099F}.Release|Any CPU.ActiveCfg = Release|Any CPU
		{5840B9B3-E86E-46DA-A57E-4AF4BAC0099F}.Release|Any CPU.Build.0 = Release|Any CPU
		{DD3C5FFB-00B3-4936-B9F8-EDF8A3668B4F}.Debug|Any CPU.ActiveCfg = Debug|Any CPU
		{DD3C5FFB-00B3-4936-B9F8-EDF8A3668B4F}.Debug|Any CPU.Build.0 = Debug|Any CPU
		{DD3C5FFB-00B3-4936-B9F8-EDF8A3668B4F}.Release|Any CPU.ActiveCfg = Release|Any CPU
		{DD3C5FFB-00B3-4936-B9F8-EDF8A3668B4F}.Release|Any CPU.Build.0 = Release|Any CPU
		{5EC38BC8-EBDE-48C4-AFB7-2CA52F5DF4D3}.Debug|Any CPU.ActiveCfg = Debug|Any CPU
		{5EC38BC8-EBDE-48C4-AFB7-2CA52F5DF4D3}.Debug|Any CPU.Build.0 = Debug|Any CPU
		{5EC38BC8-EBDE-48C4-AFB7-2CA52F5DF4D3}.Release|Any CPU.ActiveCfg = Release|Any CPU
		{5EC38BC8-EBDE-48C4-AFB7-2CA52F5DF4D3}.Release|Any CPU.Build.0 = Release|Any CPU
		{C79DDDAB-0BCB-4448-8C11-43121D0E80E1}.Debug|Any CPU.ActiveCfg = Debug|Any CPU
		{C79DDDAB-0BCB-4448-8C11-43121D0E80E1}.Debug|Any CPU.Build.0 = Debug|Any CPU
		{C79DDDAB-0BCB-4448-8C11-43121D0E80E1}.Release|Any CPU.ActiveCfg = Release|Any CPU
		{C79DDDAB-0BCB-4448-8C11-43121D0E80E1}.Release|Any CPU.Build.0 = Release|Any CPU
		{94B4A68D-17CF-4229-82B0-AE45595A8241}.Debug|Any CPU.ActiveCfg = Debug|Any CPU
		{94B4A68D-17CF-4229-82B0-AE45595A8241}.Debug|Any CPU.Build.0 = Debug|Any CPU
		{94B4A68D-17CF-4229-82B0-AE45595A8241}.Release|Any CPU.ActiveCfg = Release|Any CPU
		{94B4A68D-17CF-4229-82B0-AE45595A8241}.Release|Any CPU.Build.0 = Release|Any CPU
		{164D941D-FFD5-4E61-8F9D-5099D077875E}.Debug|Any CPU.ActiveCfg = Debug|Any CPU
		{164D941D-FFD5-4E61-8F9D-5099D077875E}.Debug|Any CPU.Build.0 = Debug|Any CPU
		{164D941D-FFD5-4E61-8F9D-5099D077875E}.Release|Any CPU.ActiveCfg = Release|Any CPU
		{164D941D-FFD5-4E61-8F9D-5099D077875E}.Release|Any CPU.Build.0 = Release|Any CPU
		{7173C4EA-456C-402B-8808-B8AF7C236038}.Debug|Any CPU.ActiveCfg = Debug|Any CPU
		{7173C4EA-456C-402B-8808-B8AF7C236038}.Debug|Any CPU.Build.0 = Debug|Any CPU
		{7173C4EA-456C-402B-8808-B8AF7C236038}.Release|Any CPU.ActiveCfg = Release|Any CPU
		{7173C4EA-456C-402B-8808-B8AF7C236038}.Release|Any CPU.Build.0 = Release|Any CPU
		{4A82B55E-F9E7-42BB-9D45-0FA1F2FA86AA}.Debug|Any CPU.ActiveCfg = Debug|Any CPU
		{4A82B55E-F9E7-42BB-9D45-0FA1F2FA86AA}.Debug|Any CPU.Build.0 = Debug|Any CPU
		{4A82B55E-F9E7-42BB-9D45-0FA1F2FA86AA}.Release|Any CPU.ActiveCfg = Release|Any CPU
		{4A82B55E-F9E7-42BB-9D45-0FA1F2FA86AA}.Release|Any CPU.Build.0 = Release|Any CPU
		{E6802D22-3B62-42C2-A3F7-0D3DD34CE049}.Debug|Any CPU.ActiveCfg = Debug|Any CPU
		{E6802D22-3B62-42C2-A3F7-0D3DD34CE049}.Debug|Any CPU.Build.0 = Debug|Any CPU
		{E6802D22-3B62-42C2-A3F7-0D3DD34CE049}.Release|Any CPU.ActiveCfg = Release|Any CPU
		{E6802D22-3B62-42C2-A3F7-0D3DD34CE049}.Release|Any CPU.Build.0 = Release|Any CPU
	EndGlobalSection
	GlobalSection(SolutionProperties) = preSolution
		HideSolutionNode = FALSE
	EndGlobalSection
	GlobalSection(NestedProjects) = preSolution
		{CA45CB9C-4ED4-48CD-9C82-7DC06ED95FC8} = {FD239FF1-67CE-4C56-BF18-4EE096134082}
		{7377704C-38AE-4958-AD1A-23FCD31F9050} = {FD239FF1-67CE-4C56-BF18-4EE096134082}
		{963843AB-78D6-4F86-8A35-E45EA09746E7} = {7377704C-38AE-4958-AD1A-23FCD31F9050}
		{650849A6-D813-470C-BBE7-CDE91DB49A37} = {FD239FF1-67CE-4C56-BF18-4EE096134082}
		{5840B9B3-E86E-46DA-A57E-4AF4BAC0099F} = {650849A6-D813-470C-BBE7-CDE91DB49A37}
		{DD3C5FFB-00B3-4936-B9F8-EDF8A3668B4F} = {650849A6-D813-470C-BBE7-CDE91DB49A37}
		{5736AFCE-D96F-4CDD-9AE5-51545B7E7417} = {FD239FF1-67CE-4C56-BF18-4EE096134082}
		{5EC38BC8-EBDE-48C4-AFB7-2CA52F5DF4D3} = {5736AFCE-D96F-4CDD-9AE5-51545B7E7417}
		{C79DDDAB-0BCB-4448-8C11-43121D0E80E1} = {5736AFCE-D96F-4CDD-9AE5-51545B7E7417}
		{94B4A68D-17CF-4229-82B0-AE45595A8241} = {32C70C4B-9BD6-4A4F-8BF7-FAABE06D56AA}
		{164D941D-FFD5-4E61-8F9D-5099D077875E} = {32C70C4B-9BD6-4A4F-8BF7-FAABE06D56AA}
		{7173C4EA-456C-402B-8808-B8AF7C236038} = {32C70C4B-9BD6-4A4F-8BF7-FAABE06D56AA}
		{4A82B55E-F9E7-42BB-9D45-0FA1F2FA86AA} = {32C70C4B-9BD6-4A4F-8BF7-FAABE06D56AA}
		{E6802D22-3B62-42C2-A3F7-0D3DD34CE049} = {012164DE-0CA0-4829-B614-2FE8B1C44353}
	EndGlobalSection
	GlobalSection(ExtensibilityGlobals) = postSolution
		SolutionGuid = {FBE1F43D-F7A8-4C71-BA8B-208685527AA5}
	EndGlobalSection
EndGlobal
